// !$*UTF8*$!
{
	archiveVersion = 1;
	classes = {
	};
	objectVersion = 56;
	objects = {

/* Begin PBXBuildFile section */
		EC4270B12B178B3F00129910 /* AppDelegate.swift in Sources */ = {isa = PBXBuildFile; fileRef = EC4270B02B178B3F00129910 /* AppDelegate.swift */; };
		EC4270B32B178B3F00129910 /* ViewController.swift in Sources */ = {isa = PBXBuildFile; fileRef = EC4270B22B178B3F00129910 /* ViewController.swift */; };
		EC4270B52B178B4000129910 /* Assets.xcassets in Resources */ = {isa = PBXBuildFile; fileRef = EC4270B42B178B4000129910 /* Assets.xcassets */; };
		EC4270B82B178B4000129910 /* Main.storyboard in Resources */ = {isa = PBXBuildFile; fileRef = EC4270B62B178B4000129910 /* Main.storyboard */; };
		EC4270C02B178BAD00129910 /* MetalImageView.swift in Sources */ = {isa = PBXBuildFile; fileRef = EC4270BF2B178BAD00129910 /* MetalImageView.swift */; };
		EC4270C22B178CA900129910 /* NSView.swift in Sources */ = {isa = PBXBuildFile; fileRef = EC4270C12B178CA900129910 /* NSView.swift */; };
		EC4270C82B178F0D00129910 /* NSImage.swift in Sources */ = {isa = PBXBuildFile; fileRef = EC4270C72B178F0D00129910 /* NSImage.swift */; };
		EC4270CC2B178FC000129910 /* AVController.swift in Sources */ = {isa = PBXBuildFile; fileRef = EC4270CB2B178FC000129910 /* AVController.swift */; };
/* End PBXBuildFile section */

/* Begin PBXFileReference section */
		EC4270AD2B178B3F00129910 /* AVCaptureDemo.app */ = {isa = PBXFileReference; explicitFileType = wrapper.application; includeInIndex = 0; path = AVCaptureDemo.app; sourceTree = BUILT_PRODUCTS_DIR; };
		EC4270B02B178B3F00129910 /* AppDelegate.swift */ = {isa = PBXFileReference; lastKnownFileType = sourcecode.swift; path = AppDelegate.swift; sourceTree = "<group>"; };
		EC4270B22B178B3F00129910 /* ViewController.swift */ = {isa = PBXFileReference; lastKnownFileType = sourcecode.swift; path = ViewController.swift; sourceTree = "<group>"; };
		EC4270B42B178B4000129910 /* Assets.xcassets */ = {isa = PBXFileReference; lastKnownFileType = folder.assetcatalog; path = Assets.xcassets; sourceTree = "<group>"; };
		EC4270B72B178B4000129910 /* Base */ = {isa = PBXFileReference; lastKnownFileType = file.storyboard; name = Base; path = Base.lproj/Main.storyboard; sourceTree = "<group>"; };
		EC4270B92B178B4000129910 /* AVCaptureDemo.entitlements */ = {isa = PBXFileReference; lastKnownFileType = text.plist.entitlements; path = AVCaptureDemo.entitlements; sourceTree = "<group>"; };
		EC4270BF2B178BAD00129910 /* MetalImageView.swift */ = {isa = PBXFileReference; lastKnownFileType = sourcecode.swift; path = MetalImageView.swift; sourceTree = "<group>"; };
		EC4270C12B178CA900129910 /* NSView.swift */ = {isa = PBXFileReference; lastKnownFileType = sourcecode.swift; path = NSView.swift; sourceTree = "<group>"; };
		EC4270C72B178F0D00129910 /* NSImage.swift */ = {isa = PBXFileReference; lastKnownFileType = sourcecode.swift; path = NSImage.swift; sourceTree = "<group>"; };
		EC4270CB2B178FC000129910 /* AVController.swift */ = {isa = PBXFileReference; lastKnownFileType = sourcecode.swift; path = AVController.swift; sourceTree = "<group>"; };
/* End PBXFileReference section */

/* Begin PBXFrameworksBuildPhase section */
		EC4270AA2B178B3F00129910 /* Frameworks */ = {
			isa = PBXFrameworksBuildPhase;
			buildActionMask = 2147483647;
			files = (
			);
			runOnlyForDeploymentPostprocessing = 0;
		};
/* End PBXFrameworksBuildPhase section */

/* Begin PBXGroup section */
		EC4270A42B178B3F00129910 = {
			isa = PBXGroup;
			children = (
				EC4270AF2B178B3F00129910 /* AVCaptureDemo */,
				EC4270AE2B178B3F00129910 /* Products */,
			);
			sourceTree = "<group>";
		};
		EC4270AE2B178B3F00129910 /* Products */ = {
			isa = PBXGroup;
			children = (
				EC4270AD2B178B3F00129910 /* AVCaptureDemo.app */,
			);
			name = Products;
			sourceTree = "<group>";
		};
		EC4270AF2B178B3F00129910 /* AVCaptureDemo */ = {
			isa = PBXGroup;
			children = (
				EC4270B02B178B3F00129910 /* AppDelegate.swift */,
				EC4270B22B178B3F00129910 /* ViewController.swift */,
				EC4270BF2B178BAD00129910 /* MetalImageView.swift */,
				EC4270CB2B178FC000129910 /* AVController.swift */,
				EC4270CA2B178F8D00129910 /* Extensions */,
				EC4270C92B178F8200129910 /* Other */,
			);
			path = AVCaptureDemo;
			sourceTree = "<group>";
		};
		EC4270C92B178F8200129910 /* Other */ = {
			isa = PBXGroup;
			children = (
				EC4270B62B178B4000129910 /* Main.storyboard */,
				EC4270B42B178B4000129910 /* Assets.xcassets */,
				EC4270B92B178B4000129910 /* AVCaptureDemo.entitlements */,
			);
			path = Other;
			sourceTree = "<group>";
		};
		EC4270CA2B178F8D00129910 /* Extensions */ = {
			isa = PBXGroup;
			children = (
				EC4270C12B178CA900129910 /* NSView.swift */,
				EC4270C72B178F0D00129910 /* NSImage.swift */,
			);
			path = Extensions;
			sourceTree = "<group>";
		};
/* End PBXGroup section */

/* Begin PBXNativeTarget section */
		EC4270AC2B178B3F00129910 /* AVCaptureDemo */ = {
			isa = PBXNativeTarget;
			buildConfigurationList = EC4270BC2B178B4000129910 /* Build configuration list for PBXNativeTarget "AVCaptureDemo" */;
			buildPhases = (
				EC4270A92B178B3F00129910 /* Sources */,
				EC4270AA2B178B3F00129910 /* Frameworks */,
				EC4270AB2B178B3F00129910 /* Resources */,
			);
			buildRules = (
			);
			dependencies = (
			);
			name = AVCaptureDemo;
			productName = AVCaptureDemo;
			productReference = EC4270AD2B178B3F00129910 /* AVCaptureDemo.app */;
			productType = "com.apple.product-type.application";
		};
/* End PBXNativeTarget section */

/* Begin PBXProject section */
		EC4270A52B178B3F00129910 /* Project object */ = {
			isa = PBXProject;
			attributes = {
				BuildIndependentTargetsInParallel = 1;
				LastSwiftUpdateCheck = 1500;
				LastUpgradeCheck = 1500;
				TargetAttributes = {
					EC4270AC2B178B3F00129910 = {
						CreatedOnToolsVersion = 15.0.1;
					};
				};
			};
			buildConfigurationList = EC4270A82B178B3F00129910 /* Build configuration list for PBXProject "AVCaptureDemo" */;
			compatibilityVersion = "Xcode 14.0";
			developmentRegion = en;
			hasScannedForEncodings = 0;
			knownRegions = (
				en,
				Base,
			);
			mainGroup = EC4270A42B178B3F00129910;
			productRefGroup = EC4270AE2B178B3F00129910 /* Products */;
			projectDirPath = "";
			projectRoot = "";
			targets = (
				EC4270AC2B178B3F00129910 /* AVCaptureDemo */,
			);
		};
/* End PBXProject section */

/* Begin PBXResourcesBuildPhase section */
		EC4270AB2B178B3F00129910 /* Resources */ = {
			isa = PBXResourcesBuildPhase;
			buildActionMask = 2147483647;
			files = (
				EC4270B52B178B4000129910 /* Assets.xcassets in Resources */,
				EC4270B82B178B4000129910 /* Main.storyboard in Resources */,
			);
			runOnlyForDeploymentPostprocessing = 0;
		};
/* End PBXResourcesBuildPhase section */

/* Begin PBXSourcesBuildPhase section */
		EC4270A92B178B3F00129910 /* Sources */ = {
			isa = PBXSourcesBuildPhase;
			buildActionMask = 2147483647;
			files = (
				EC4270B32B178B3F00129910 /* ViewController.swift in Sources */,
				EC4270C02B178BAD00129910 /* MetalImageView.swift in Sources */,
				EC4270B12B178B3F00129910 /* AppDelegate.swift in Sources */,
				EC4270C22B178CA900129910 /* NSView.swift in Sources */,
				EC4270CC2B178FC000129910 /* AVController.swift in Sources */,
				EC4270C82B178F0D00129910 /* NSImage.swift in Sources */,
			);
			runOnlyForDeploymentPostprocessing = 0;
		};
/* End PBXSourcesBuildPhase section */

/* Begin PBXVariantGroup section */
		EC4270B62B178B4000129910 /* Main.storyboard */ = {
			isa = PBXVariantGroup;
			children = (
				EC4270B72B178B4000129910 /* Base */,
			);
			name = Main.storyboard;
			sourceTree = "<group>";
		};
/* End PBXVariantGroup section */

/* Begin XCBuildConfiguration section */
		EC4270BA2B178B4000129910 /* Debug */ = {
			isa = XCBuildConfiguration;
			buildSettings = {
				ALWAYS_SEARCH_USER_PATHS = NO;
				ASSETCATALOG_COMPILER_GENERATE_SWIFT_ASSET_SYMBOL_EXTENSIONS = YES;
				CLANG_ANALYZER_NONNULL = YES;
				CLANG_ANALYZER_NUMBER_OBJECT_CONVERSION = YES_AGGRESSIVE;
				CLANG_CXX_LANGUAGE_STANDARD = "gnu++20";
				CLANG_ENABLE_MODULES = YES;
				CLANG_ENABLE_OBJC_ARC = YES;
				CLANG_ENABLE_OBJC_WEAK = YES;
				CLANG_WARN_BLOCK_CAPTURE_AUTORELEASING = YES;
				CLANG_WARN_BOOL_CONVERSION = YES;
				CLANG_WARN_COMMA = YES;
				CLANG_WARN_CONSTANT_CONVERSION = YES;
				CLANG_WARN_DEPRECATED_OBJC_IMPLEMENTATIONS = YES;
				CLANG_WARN_DIRECT_OBJC_ISA_USAGE = YES_ERROR;
				CLANG_WARN_DOCUMENTATION_COMMENTS = YES;
				CLANG_WARN_EMPTY_BODY = YES;
				CLANG_WARN_ENUM_CONVERSION = YES;
				CLANG_WARN_INFINITE_RECURSION = YES;
				CLANG_WARN_INT_CONVERSION = YES;
				CLANG_WARN_NON_LITERAL_NULL_CONVERSION = YES;
				CLANG_WARN_OBJC_IMPLICIT_RETAIN_SELF = YES;
				CLANG_WARN_OBJC_LITERAL_CONVERSION = YES;
				CLANG_WARN_OBJC_ROOT_CLASS = YES_ERROR;
				CLANG_WARN_QUOTED_INCLUDE_IN_FRAMEWORK_HEADER = YES;
				CLANG_WARN_RANGE_LOOP_ANALYSIS = YES;
				CLANG_WARN_STRICT_PROTOTYPES = YES;
				CLANG_WARN_SUSPICIOUS_MOVE = YES;
				CLANG_WARN_UNGUARDED_AVAILABILITY = YES_AGGRESSIVE;
				CLANG_WARN_UNREACHABLE_CODE = YES;
				CLANG_WARN__DUPLICATE_METHOD_MATCH = YES;
				COPY_PHASE_STRIP = NO;
				DEBUG_INFORMATION_FORMAT = dwarf;
				ENABLE_STRICT_OBJC_MSGSEND = YES;
				ENABLE_TESTABILITY = YES;
				ENABLE_USER_SCRIPT_SANDBOXING = YES;
				GCC_C_LANGUAGE_STANDARD = gnu17;
				GCC_DYNAMIC_NO_PIC = NO;
				GCC_NO_COMMON_BLOCKS = YES;
				GCC_OPTIMIZATION_LEVEL = 0;
				GCC_PREPROCESSOR_DEFINITIONS = (
					"DEBUG=1",
					"$(inherited)",
				);
				GCC_WARN_64_TO_32_BIT_CONVERSION = YES;
				GCC_WARN_ABOUT_RETURN_TYPE = YES_ERROR;
				GCC_WARN_UNDECLARED_SELECTOR = YES;
				GCC_WARN_UNINITIALIZED_AUTOS = YES_AGGRESSIVE;
				GCC_WARN_UNUSED_FUNCTION = YES;
				GCC_WARN_UNUSED_VARIABLE = YES;
				LOCALIZATION_PREFERS_STRING_CATALOGS = YES;
				MACOSX_DEPLOYMENT_TARGET = 14.0;
				MTL_ENABLE_DEBUG_INFO = INCLUDE_SOURCE;
				MTL_FAST_MATH = YES;
				ONLY_ACTIVE_ARCH = YES;
				SDKROOT = macosx;
				SWIFT_ACTIVE_COMPILATION_CONDITIONS = "DEBUG $(inherited)";
				SWIFT_OPTIMIZATION_LEVEL = "-Onone";
			};
			name = Debug;
		};
		EC4270BB2B178B4000129910 /* Release */ = {
			isa = XCBuildConfiguration;
			buildSettings = {
				ALWAYS_SEARCH_USER_PATHS = NO;
				ASSETCATALOG_COMPILER_GENERATE_SWIFT_ASSET_SYMBOL_EXTENSIONS = YES;
				CLANG_ANALYZER_NONNULL = YES;
				CLANG_ANALYZER_NUMBER_OBJECT_CONVERSION = YES_AGGRESSIVE;
				CLANG_CXX_LANGUAGE_STANDARD = "gnu++20";
				CLANG_ENABLE_MODULES = YES;
				CLANG_ENABLE_OBJC_ARC = YES;
				CLANG_ENABLE_OBJC_WEAK = YES;
				CLANG_WARN_BLOCK_CAPTURE_AUTORELEASING = YES;
				CLANG_WARN_BOOL_CONVERSION = YES;
				CLANG_WARN_COMMA = YES;
				CLANG_WARN_CONSTANT_CONVERSION = YES;
				CLANG_WARN_DEPRECATED_OBJC_IMPLEMENTATIONS = YES;
				CLANG_WARN_DIRECT_OBJC_ISA_USAGE = YES_ERROR;
				CLANG_WARN_DOCUMENTATION_COMMENTS = YES;
				CLANG_WARN_EMPTY_BODY = YES;
				CLANG_WARN_ENUM_CONVERSION = YES;
				CLANG_WARN_INFINITE_RECURSION = YES;
				CLANG_WARN_INT_CONVERSION = YES;
				CLANG_WARN_NON_LITERAL_NULL_CONVERSION = YES;
				CLANG_WARN_OBJC_IMPLICIT_RETAIN_SELF = YES;
				CLANG_WARN_OBJC_LITERAL_CONVERSION = YES;
				CLANG_WARN_OBJC_ROOT_CLASS = YES_ERROR;
				CLANG_WARN_QUOTED_INCLUDE_IN_FRAMEWORK_HEADER = YES;
				CLANG_WARN_RANGE_LOOP_ANALYSIS = YES;
				CLANG_WARN_STRICT_PROTOTYPES = YES;
				CLANG_WARN_SUSPICIOUS_MOVE = YES;
				CLANG_WARN_UNGUARDED_AVAILABILITY = YES_AGGRESSIVE;
				CLANG_WARN_UNREACHABLE_CODE = YES;
				CLANG_WARN__DUPLICATE_METHOD_MATCH = YES;
				COPY_PHASE_STRIP = NO;
				DEBUG_INFORMATION_FORMAT = "dwarf-with-dsym";
				ENABLE_NS_ASSERTIONS = NO;
				ENABLE_STRICT_OBJC_MSGSEND = YES;
				ENABLE_USER_SCRIPT_SANDBOXING = YES;
				GCC_C_LANGUAGE_STANDARD = gnu17;
				GCC_NO_COMMON_BLOCKS = YES;
				GCC_WARN_64_TO_32_BIT_CONVERSION = YES;
				GCC_WARN_ABOUT_RETURN_TYPE = YES_ERROR;
				GCC_WARN_UNDECLARED_SELECTOR = YES;
				GCC_WARN_UNINITIALIZED_AUTOS = YES_AGGRESSIVE;
				GCC_WARN_UNUSED_FUNCTION = YES;
				GCC_WARN_UNUSED_VARIABLE = YES;
				LOCALIZATION_PREFERS_STRING_CATALOGS = YES;
				MACOSX_DEPLOYMENT_TARGET = 14.0;
				MTL_ENABLE_DEBUG_INFO = NO;
				MTL_FAST_MATH = YES;
				SDKROOT = macosx;
				SWIFT_COMPILATION_MODE = wholemodule;
			};
			name = Release;
		};
		EC4270BD2B178B4000129910 /* Debug */ = {
			isa = XCBuildConfiguration;
			buildSettings = {
				ASSETCATALOG_COMPILER_APPICON_NAME = AppIcon;
				ASSETCATALOG_COMPILER_GLOBAL_ACCENT_COLOR_NAME = AccentColor;
				CODE_SIGN_ENTITLEMENTS = AVCaptureDemo/Other/AVCaptureDemo.entitlements;
				CODE_SIGN_STYLE = Automatic;
				COMBINE_HIDPI_IMAGES = YES;
				CURRENT_PROJECT_VERSION = 1;
				DEVELOPMENT_TEAM = V9VQ2RXE25;
				ENABLE_HARDENED_RUNTIME = YES;
				GENERATE_INFOPLIST_FILE = YES;
				INFOPLIST_KEY_NSCameraUsageDescription = "Camera demo needs a camera.";
				INFOPLIST_KEY_NSHumanReadableCopyright = "";
				INFOPLIST_KEY_NSMainStoryboardFile = Main;
				INFOPLIST_KEY_NSPrincipalClass = NSApplication;
				LD_RUNPATH_SEARCH_PATHS = (
					"$(inherited)",
					"@executable_path/../Frameworks",
				);
				MARKETING_VERSION = 1.0;
				PRODUCT_BUNDLE_IDENTIFIER = com.sonicbunny.AVCaptureDemo;
				PRODUCT_NAME = "$(TARGET_NAME)";
				SWIFT_EMIT_LOC_STRINGS = YES;
				SWIFT_VERSION = 5.0;
			};
			name = Debug;
		};
		EC4270BE2B178B4000129910 /* Release */ = {
			isa = XCBuildConfiguration;
			buildSettings = {
				ASSETCATALOG_COMPILER_APPICON_NAME = AppIcon;
				ASSETCATALOG_COMPILER_GLOBAL_ACCENT_COLOR_NAME = AccentColor;
				CODE_SIGN_ENTITLEMENTS = AVCaptureDemo/Other/AVCaptureDemo.entitlements;
				CODE_SIGN_STYLE = Automatic;
				COMBINE_HIDPI_IMAGES = YES;
				CURRENT_PROJECT_VERSION = 1;
				DEVELOPMENT_TEAM = V9VQ2RXE25;
				ENABLE_HARDENED_RUNTIME = YES;
				GENERATE_INFOPLIST_FILE = YES;
				INFOPLIST_KEY_NSCameraUsageDescription = "Camera demo needs a camera.";
				INFOPLIST_KEY_NSHumanReadableCopyright = "";
				INFOPLIST_KEY_NSMainStoryboardFile = Main;
				INFOPLIST_KEY_NSPrincipalClass = NSApplication;
				LD_RUNPATH_SEARCH_PATHS = (
					"$(inherited)",
					"@executable_path/../Frameworks",
				);
				MARKETING_VERSION = 1.0;
				PRODUCT_BUNDLE_IDENTIFIER = com.sonicbunny.AVCaptureDemo;
				PRODUCT_NAME = "$(TARGET_NAME)";
				SWIFT_EMIT_LOC_STRINGS = YES;
				SWIFT_VERSION = 5.0;
			};
			name = Release;
		};
/* End XCBuildConfiguration section */

/* Begin XCConfigurationList section */
		EC4270A82B178B3F00129910 /* Build configuration list for PBXProject "AVCaptureDemo" */ = {
			isa = XCConfigurationList;
			buildConfigurations = (
				EC4270BA2B178B4000129910 /* Debug */,
				EC4270BB2B178B4000129910 /* Release */,
			);
			defaultConfigurationIsVisible = 0;
			defaultConfigurationName = Release;
		};
		EC4270BC2B178B4000129910 /* Build configuration list for PBXNativeTarget "AVCaptureDemo" */ = {
			isa = XCConfigurationList;
			buildConfigurations = (
				EC4270BD2B178B4000129910 /* Debug */,
				EC4270BE2B178B4000129910 /* Release */,
			);
			defaultConfigurationIsVisible = 0;
			defaultConfigurationName = Release;
		};
/* End XCConfigurationList section */
	};
	rootObject = EC4270A52B178B3F00129910 /* Project object */;
}
